
Microsoft Visual Studio Solution File, Format Version 12.00
# Visual Studio 15
VisualStudioVersion = 15.0.28307.572
MinimumVisualStudioVersion = 10.0.40219.1
Project("{FAE04EC0-301F-11D3-BF4B-00C04F79EFBC}") = "QLTV", "QLTV\QLTV.csproj", "{7EE093F0-7AA4-4240-844F-105B17689764}"
EndProject
Global
	GlobalSection(SolutionConfigurationPlatforms) = preSolution
		Debug|Any CPU = Debug|Any CPU
		Release|Any CPU = Release|Any CPU
	EndGlobalSection
	GlobalSection(ProjectConfigurationPlatforms) = postSolution
		{7EE093F0-7AA4-4240-844F-105B17689764}.Debug|Any CPU.ActiveCfg = Debug|Any CPU
		{7EE093F0-7AA4-4240-844F-105B17689764}.Debug|Any CPU.Build.0 = Debug|Any CPU
		{7EE093F0-7AA4-4240-844F-105B17689764}.Release|Any CPU.ActiveCfg = Release|Any CPU
		{7EE093F0-7AA4-4240-844F-105B17689764}.Release|Any CPU.Build.0 = Release|Any CPU
	EndGlobalSection
	GlobalSection(SolutionProperties) = preSolution
		HideSolutionNode = FALSE
	EndGlobalSection
	GlobalSection(ExtensibilityGlobals) = postSolution
		SolutionGuid = {E1B0FAF4-E4F6-44C1-A05E-80E324263E74}
	EndGlobalSection
EndGlobal
