
Microsoft Visual Studio Solution File, Format Version 12.00
# Visual Studio 15
VisualStudioVersion = 15.0.28307.572
MinimumVisualStudioVersion = 10.0.40219.1
Project("{FAE04EC0-301F-11D3-BF4B-00C04F79EFBC}") = "QuanLyMuonSach", "QuanLyMuonSach\QuanLyMuonSach.csproj", "{C69AEDEC-2232-4819-AF3D-F85FA248A617}"
EndProject
Project("{FAE04EC0-301F-11D3-BF4B-00C04F79EFBC}") = "WindowsFormsApp1", "WindowsFormsApp1\WindowsFormsApp1.csproj", "{6F2B369B-F05E-4F75-95D6-D2D39DBEDCA3}"
EndProject
Global
	GlobalSection(SolutionConfigurationPlatforms) = preSolution
		Debug|Any CPU = Debug|Any CPU
		Release|Any CPU = Release|Any CPU
	EndGlobalSection
	GlobalSection(ProjectConfigurationPlatforms) = postSolution
		{C69AEDEC-2232-4819-AF3D-F85FA248A617}.Debug|Any CPU.ActiveCfg = Debug|Any CPU
		{C69AEDEC-2232-4819-AF3D-F85FA248A617}.Debug|Any CPU.Build.0 = Debug|Any CPU
		{C69AEDEC-2232-4819-AF3D-F85FA248A617}.Release|Any CPU.ActiveCfg = Release|Any CPU
		{C69AEDEC-2232-4819-AF3D-F85FA248A617}.Release|Any CPU.Build.0 = Release|Any CPU
		{6F2B369B-F05E-4F75-95D6-D2D39DBEDCA3}.Debug|Any CPU.ActiveCfg = Debug|Any CPU
		{6F2B369B-F05E-4F75-95D6-D2D39DBEDCA3}.Debug|Any CPU.Build.0 = Debug|Any CPU
		{6F2B369B-F05E-4F75-95D6-D2D39DBEDCA3}.Release|Any CPU.ActiveCfg = Release|Any CPU
		{6F2B369B-F05E-4F75-95D6-D2D39DBEDCA3}.Release|Any CPU.Build.0 = Release|Any CPU
	EndGlobalSection
	GlobalSection(SolutionProperties) = preSolution
		HideSolutionNode = FALSE
	EndGlobalSection
	GlobalSection(ExtensibilityGlobals) = postSolution
		SolutionGuid = {9938F7FB-5070-41FD-9A1A-431EB8E57B52}
	EndGlobalSection
EndGlobal
